
Microsoft Visual Studio Solution File, Format Version 12.00
Project("{FAE04EC0-301F-11D3-BF4B-00C04F79EFBC}") = "Firestore.Typed.Client", "src\Firestore.Typed.Client\Firestore.Typed.Client.csproj", "{091720F4-EBD4-4A21-8BA2-8D1302471223}"
EndProject
Project("{2150E333-8FDC-42A3-9474-1A3956D46DE8}") = "solution items", "solution items", "{BA4253F0-A7E2-43AB-99F2-3EEB7BA0A39E}"
	ProjectSection(SolutionItems) = preProject
		.editorconfig = .editorconfig
		.gitignore = .gitignore
		README.md = README.md
	EndProjectSection
EndProject
Project("{FAE04EC0-301F-11D3-BF4B-00C04F79EFBC}") = "Firestore.Typed.Client.Tests", "test\Firestore.Typed.Client.Tests\Firestore.Typed.Client.Tests.csproj", "{87E3551F-2D30-48DD-8E03-FA1CF25B7DB2}"
EndProject
Project("{2150E333-8FDC-42A3-9474-1A3956D46DE8}") = "src", "src", "{CEDE9C9C-837D-4D29-B152-9B9B64762715}"
EndProject
Project("{2150E333-8FDC-42A3-9474-1A3956D46DE8}") = "test", "test", "{510A3216-892F-4800-B948-0BCAB7DAB408}"
EndProject
Project("{2150E333-8FDC-42A3-9474-1A3956D46DE8}") = "Workflows", "Workflows", "{2DDD1965-4438-4D4E-B529-DE1EB49F2389}"
	ProjectSection(SolutionItems) = preProject
		.github\workflows\build_and_tests.yml = .github\workflows\build_and_tests.yml
		.github\workflows\publish_nuget.yml = .github\workflows\publish_nuget.yml
	EndProjectSection
EndProject
Project("{FAE04EC0-301F-11D3-BF4B-00C04F79EFBC}") = "Firestore.Typed.Client.Benchmarks", "test\Firestore.Typed.Client.Benchmarks\Firestore.Typed.Client.Benchmarks.csproj", "{71EF4DAB-F044-40CC-9BE2-6568311F63D4}"
EndProject
Global
	GlobalSection(SolutionConfigurationPlatforms) = preSolution
		Debug|Any CPU = Debug|Any CPU
		Release|Any CPU = Release|Any CPU
	EndGlobalSection
	GlobalSection(ProjectConfigurationPlatforms) = postSolution
		{091720F4-EBD4-4A21-8BA2-8D1302471223}.Debug|Any CPU.ActiveCfg = Debug|Any CPU
		{091720F4-EBD4-4A21-8BA2-8D1302471223}.Debug|Any CPU.Build.0 = Debug|Any CPU
		{091720F4-EBD4-4A21-8BA2-8D1302471223}.Release|Any CPU.ActiveCfg = Release|Any CPU
		{091720F4-EBD4-4A21-8BA2-8D1302471223}.Release|Any CPU.Build.0 = Release|Any CPU
		{87E3551F-2D30-48DD-8E03-FA1CF25B7DB2}.Debug|Any CPU.ActiveCfg = Debug|Any CPU
		{87E3551F-2D30-48DD-8E03-FA1CF25B7DB2}.Debug|Any CPU.Build.0 = Debug|Any CPU
		{87E3551F-2D30-48DD-8E03-FA1CF25B7DB2}.Release|Any CPU.ActiveCfg = Release|Any CPU
		{87E3551F-2D30-48DD-8E03-FA1CF25B7DB2}.Release|Any CPU.Build.0 = Release|Any CPU
		{71EF4DAB-F044-40CC-9BE2-6568311F63D4}.Debug|Any CPU.ActiveCfg = Debug|Any CPU
		{71EF4DAB-F044-40CC-9BE2-6568311F63D4}.Debug|Any CPU.Build.0 = Debug|Any CPU
		{71EF4DAB-F044-40CC-9BE2-6568311F63D4}.Release|Any CPU.ActiveCfg = Release|Any CPU
		{71EF4DAB-F044-40CC-9BE2-6568311F63D4}.Release|Any CPU.Build.0 = Release|Any CPU
	EndGlobalSection
	GlobalSection(NestedProjects) = preSolution
		{091720F4-EBD4-4A21-8BA2-8D1302471223} = {CEDE9C9C-837D-4D29-B152-9B9B64762715}
		{87E3551F-2D30-48DD-8E03-FA1CF25B7DB2} = {510A3216-892F-4800-B948-0BCAB7DAB408}
		{2DDD1965-4438-4D4E-B529-DE1EB49F2389} = {BA4253F0-A7E2-43AB-99F2-3EEB7BA0A39E}
		{71EF4DAB-F044-40CC-9BE2-6568311F63D4} = {510A3216-892F-4800-B948-0BCAB7DAB408}
	EndGlobalSection
EndGlobal
